
Microsoft Visual Studio Solution File, Format Version 12.00
# Visual Studio Version 16
VisualStudioVersion = 16.0.29326.143
MinimumVisualStudioVersion = 10.0.40219.1
Project("{FAE04EC0-301F-11D3-BF4B-00C04F79EFBC}") = "InciWorker", "InciWorker\InciWorker.csproj", "{019EBB05-96C3-4762-9E1B-48619CAB7BE6}"
EndProject
Global
	GlobalSection(SolutionConfigurationPlatforms) = preSolution
		Debug|Any CPU = Debug|Any CPU
		Release|Any CPU = Release|Any CPU
	EndGlobalSection
	GlobalSection(ProjectConfigurationPlatforms) = postSolution
		{019EBB05-96C3-4762-9E1B-48619CAB7BE6}.Debug|Any CPU.ActiveCfg = Debug|Any CPU
		{019EBB05-96C3-4762-9E1B-48619CAB7BE6}.Debug|Any CPU.Build.0 = Debug|Any CPU
		{019EBB05-96C3-4762-9E1B-48619CAB7BE6}.Release|Any CPU.ActiveCfg = Release|Any CPU
		{019EBB05-96C3-4762-9E1B-48619CAB7BE6}.Release|Any CPU.Build.0 = Release|Any CPU
	EndGlobalSection
	GlobalSection(SolutionProperties) = preSolution
		HideSolutionNode = FALSE
	EndGlobalSection
	GlobalSection(ExtensibilityGlobals) = postSolution
		SolutionGuid = {4735EE6B-7AD1-41D9-9EC2-4B14858C637C}
	EndGlobalSection
EndGlobal
