
Microsoft Visual Studio Solution File, Format Version 12.00
# Visual Studio Version 16
VisualStudioVersion = 16.0.28803.452
MinimumVisualStudioVersion = 10.0.40219.1
Project("{9A19103F-16F7-4668-BE54-9A1E7A4F7556}") = "InciCafe.BLL", "incicafe.bll\InciCafe.BLL.csproj", "{D02A97DC-6B80-4562-AB59-39A80906D27F}"
EndProject
Project("{9A19103F-16F7-4668-BE54-9A1E7A4F7556}") = "InciCafe.DAL", "incicafe.dal\InciCafe.DAL.csproj", "{935C66CB-7BAE-47BF-AF40-ACE3643A966E}"
EndProject
Project("{FAE04EC0-301F-11D3-BF4B-00C04F79EFBC}") = "InciCafe.Api", "InciCafe.Api\InciCafe.Api.csproj", "{EFA0B365-6FAC-4599-B057-0BC998A5E4A8}"
EndProject
Global
	GlobalSection(SolutionConfigurationPlatforms) = preSolution
		Debug|Any CPU = Debug|Any CPU
		Release|Any CPU = Release|Any CPU
	EndGlobalSection
	GlobalSection(ProjectConfigurationPlatforms) = postSolution
		{D02A97DC-6B80-4562-AB59-39A80906D27F}.Debug|Any CPU.ActiveCfg = Debug|Any CPU
		{D02A97DC-6B80-4562-AB59-39A80906D27F}.Debug|Any CPU.Build.0 = Debug|Any CPU
		{D02A97DC-6B80-4562-AB59-39A80906D27F}.Release|Any CPU.ActiveCfg = Release|Any CPU
		{D02A97DC-6B80-4562-AB59-39A80906D27F}.Release|Any CPU.Build.0 = Release|Any CPU
		{935C66CB-7BAE-47BF-AF40-ACE3643A966E}.Debug|Any CPU.ActiveCfg = Debug|Any CPU
		{935C66CB-7BAE-47BF-AF40-ACE3643A966E}.Debug|Any CPU.Build.0 = Debug|Any CPU
		{935C66CB-7BAE-47BF-AF40-ACE3643A966E}.Release|Any CPU.ActiveCfg = Release|Any CPU
		{935C66CB-7BAE-47BF-AF40-ACE3643A966E}.Release|Any CPU.Build.0 = Release|Any CPU
		{EFA0B365-6FAC-4599-B057-0BC998A5E4A8}.Debug|Any CPU.ActiveCfg = Debug|Any CPU
		{EFA0B365-6FAC-4599-B057-0BC998A5E4A8}.Debug|Any CPU.Build.0 = Debug|Any CPU
		{EFA0B365-6FAC-4599-B057-0BC998A5E4A8}.Release|Any CPU.ActiveCfg = Release|Any CPU
		{EFA0B365-6FAC-4599-B057-0BC998A5E4A8}.Release|Any CPU.Build.0 = Release|Any CPU
	EndGlobalSection
	GlobalSection(SolutionProperties) = preSolution
		HideSolutionNode = FALSE
	EndGlobalSection
	GlobalSection(ExtensibilityGlobals) = postSolution
		SolutionGuid = {7C6C171E-D463-49ED-AF7D-741229396EF4}
	EndGlobalSection
EndGlobal
