
Microsoft Visual Studio Solution File, Format Version 12.00
# Visual Studio Version 16
VisualStudioVersion = 16.0.28803.452
MinimumVisualStudioVersion = 10.0.40219.1
Project("{9A19103F-16F7-4668-BE54-9A1E7A4F7556}") = "InciCafe.MVC", "InciCafe.MVC\InciCafe.MVC.csproj", "{04AE9173-9D18-4169-ACF8-11061958C3B7}"
EndProject
Project("{9A19103F-16F7-4668-BE54-9A1E7A4F7556}") = "InciCafe.Ids", "InciCafe.Ids\InciCafe.Ids.csproj", "{210E1AB0-4BD5-403B-B5BC-EDD474B7D58C}"
EndProject
Global
	GlobalSection(SolutionConfigurationPlatforms) = preSolution
		Debug|Any CPU = Debug|Any CPU
		Release|Any CPU = Release|Any CPU
	EndGlobalSection
	GlobalSection(ProjectConfigurationPlatforms) = postSolution
		{04AE9173-9D18-4169-ACF8-11061958C3B7}.Debug|Any CPU.ActiveCfg = Debug|Any CPU
		{04AE9173-9D18-4169-ACF8-11061958C3B7}.Debug|Any CPU.Build.0 = Debug|Any CPU
		{04AE9173-9D18-4169-ACF8-11061958C3B7}.Release|Any CPU.ActiveCfg = Release|Any CPU
		{04AE9173-9D18-4169-ACF8-11061958C3B7}.Release|Any CPU.Build.0 = Release|Any CPU
		{210E1AB0-4BD5-403B-B5BC-EDD474B7D58C}.Debug|Any CPU.ActiveCfg = Debug|Any CPU
		{210E1AB0-4BD5-403B-B5BC-EDD474B7D58C}.Debug|Any CPU.Build.0 = Debug|Any CPU
		{210E1AB0-4BD5-403B-B5BC-EDD474B7D58C}.Release|Any CPU.ActiveCfg = Release|Any CPU
		{210E1AB0-4BD5-403B-B5BC-EDD474B7D58C}.Release|Any CPU.Build.0 = Release|Any CPU
	EndGlobalSection
	GlobalSection(SolutionProperties) = preSolution
		HideSolutionNode = FALSE
	EndGlobalSection
	GlobalSection(ExtensibilityGlobals) = postSolution
		SolutionGuid = {7C6C171E-D463-49ED-AF7D-741229396EF4}
	EndGlobalSection
EndGlobal
